
Microsoft Visual Studio Solution File, Format Version 12.00
# Visual Studio Version 17
VisualStudioVersion = 17.5.33424.131
MinimumVisualStudioVersion = 10.0.40219.1
Project("{FAE04EC0-301F-11D3-BF4B-00C04F79EFBC}") = "NugetCustomersAPI_XZX", "NugetCustomersAPI_XZX\NugetCustomersAPI_XZX.csproj", "{C5EB6CF6-97A1-412A-A9B7-7BC1D756B2C5}"
EndProject
Project("{FAE04EC0-301F-11D3-BF4B-00C04F79EFBC}") = "PruebaNugetCustomers", "PruebaNugetCustomers\PruebaNugetCustomers.csproj", "{B8FD19C8-E578-4C4D-98D2-9E9F974CACF9}"
EndProject
Global
	GlobalSection(SolutionConfigurationPlatforms) = preSolution
		Debug|Any CPU = Debug|Any CPU
		Release|Any CPU = Release|Any CPU
	EndGlobalSection
	GlobalSection(ProjectConfigurationPlatforms) = postSolution
		{C5EB6CF6-97A1-412A-A9B7-7BC1D756B2C5}.Debug|Any CPU.ActiveCfg = Debug|Any CPU
		{C5EB6CF6-97A1-412A-A9B7-7BC1D756B2C5}.Debug|Any CPU.Build.0 = Debug|Any CPU
		{C5EB6CF6-97A1-412A-A9B7-7BC1D756B2C5}.Release|Any CPU.ActiveCfg = Release|Any CPU
		{C5EB6CF6-97A1-412A-A9B7-7BC1D756B2C5}.Release|Any CPU.Build.0 = Release|Any CPU
		{B8FD19C8-E578-4C4D-98D2-9E9F974CACF9}.Debug|Any CPU.ActiveCfg = Debug|Any CPU
		{B8FD19C8-E578-4C4D-98D2-9E9F974CACF9}.Debug|Any CPU.Build.0 = Debug|Any CPU
		{B8FD19C8-E578-4C4D-98D2-9E9F974CACF9}.Release|Any CPU.ActiveCfg = Release|Any CPU
		{B8FD19C8-E578-4C4D-98D2-9E9F974CACF9}.Release|Any CPU.Build.0 = Release|Any CPU
	EndGlobalSection
	GlobalSection(SolutionProperties) = preSolution
		HideSolutionNode = FALSE
	EndGlobalSection
	GlobalSection(ExtensibilityGlobals) = postSolution
		SolutionGuid = {BAAD62F4-5FA2-41DA-BCF7-F6AB8CDA43A4}
	EndGlobalSection
EndGlobal
